
Microsoft Visual Studio Solution File, Format Version 12.00
# Visual Studio 15
VisualStudioVersion = 15.0.26730.15
MinimumVisualStudioVersion = 10.0.40219.1
Project("{FAE04EC0-301F-11D3-BF4B-00C04F79EFBC}") = "Heliproblem", "Heliproblem\Heliproblem.csproj", "{F7D1EBEB-6216-4224-BB73-24F820A998A9}"
EndProject
Global
	GlobalSection(SolutionConfigurationPlatforms) = preSolution
		Debug|Any CPU = Debug|Any CPU
		Release|Any CPU = Release|Any CPU
	EndGlobalSection
	GlobalSection(ProjectConfigurationPlatforms) = postSolution
		{F7D1EBEB-6216-4224-BB73-24F820A998A9}.Debug|Any CPU.ActiveCfg = Debug|Any CPU
		{F7D1EBEB-6216-4224-BB73-24F820A998A9}.Debug|Any CPU.Build.0 = Debug|Any CPU
		{F7D1EBEB-6216-4224-BB73-24F820A998A9}.Release|Any CPU.ActiveCfg = Release|Any CPU
		{F7D1EBEB-6216-4224-BB73-24F820A998A9}.Release|Any CPU.Build.0 = Release|Any CPU
	EndGlobalSection
	GlobalSection(SolutionProperties) = preSolution
		HideSolutionNode = FALSE
	EndGlobalSection
	GlobalSection(ExtensibilityGlobals) = postSolution
		SolutionGuid = {46847529-A550-4147-82CD-CD245649650E}
	EndGlobalSection
EndGlobal
